{
  "meteor": {},
  "dependencies": {
    "basePackages": {
      "collectionFS": {},
      "meteor-file": {},
      "incr-csv": {},
      "node-csv-npm": {},
      "reststop2": {}
    },
    "packages": {
      "collectionFS": {
        "git": "https://github.com/raix/Meteor-CollectionFS.git",
        "tag": "v0.3.6",
        "commit": "e28922685d07fc2bd17e23571eeb050cd85176f7"
      },
      "meteor-file": {
        "git": "https://github.com/EventedMind/meteor-file.git",
        "tag": "v0.0.7",
        "commit": "5d3edaaccfb9d0995cf848abfb61c3bd101ea507"
      },
      "incr-csv": {
        "git": "https://github.com/jeffmitchel/meteor-incr-csv.git",
        "tag": "v0.2.4",
        "commit": "f9e6d649295fd471832d224f114f80a641114c2a"
      },
      "node-csv-npm": {
        "git": "https://github.com/Dsyko/meteor-node-csv.git",
        "tag": "v0.3.6",
        "commit": "01be0e3e834a4f033121cb3fcc92c2697741170d"
      },
      "reststop2": {
        "git": "https://github.com/BeDifferential/reststop2.git",
        "tag": "v0.5.3",
        "commit": "d19c4ecea14646a1fc41919fa0a8e16120dbd137"
      },
      "cfs-public-folder": {
        "git": "https://github.com/nooitaf/meteor-cfs-public-folder.git",
        "tag": "v0.0.3",
        "commit": "f47a0f1963be82121c975f955196b1fbb0cdbca3"
      }
    }
  }
}
